
Microsoft Visual Studio Solution File, Format Version 12.00
# Visual Studio 14
VisualStudioVersion = 14.0.23107.0
MinimumVisualStudioVersion = 10.0.40219.1
Project("{FAE04EC0-301F-11D3-BF4B-00C04F79EFBC}") = "ExampleForm01", "ExampleForm01\ExampleForm01.csproj", "{CFFC0F1A-8498-4C91-9406-CC97B6A28AC0}"
EndProject
Global
	GlobalSection(SolutionConfigurationPlatforms) = preSolution
		Debug|Any CPU = Debug|Any CPU
		Release|Any CPU = Release|Any CPU
	EndGlobalSection
	GlobalSection(ProjectConfigurationPlatforms) = postSolution
		{CFFC0F1A-8498-4C91-9406-CC97B6A28AC0}.Debug|Any CPU.ActiveCfg = Debug|Any CPU
		{CFFC0F1A-8498-4C91-9406-CC97B6A28AC0}.Debug|Any CPU.Build.0 = Debug|Any CPU
		{CFFC0F1A-8498-4C91-9406-CC97B6A28AC0}.Release|Any CPU.ActiveCfg = Release|Any CPU
		{CFFC0F1A-8498-4C91-9406-CC97B6A28AC0}.Release|Any CPU.Build.0 = Release|Any CPU
	EndGlobalSection
	GlobalSection(SolutionProperties) = preSolution
		HideSolutionNode = FALSE
	EndGlobalSection
EndGlobal
