
Microsoft Visual Studio Solution File, Format Version 12.00
# Visual Studio 14
VisualStudioVersion = 14.0.23107.0
MinimumVisualStudioVersion = 10.0.40219.1
Project("{FAE04EC0-301F-11D3-BF4B-00C04F79EFBC}") = "KeyboardExample01", "KeyboardExample01\KeyboardExample01.csproj", "{3B790C02-A07D-44FD-B834-D68F7891BE7F}"
EndProject
Global
	GlobalSection(SolutionConfigurationPlatforms) = preSolution
		Debug|Any CPU = Debug|Any CPU
		Release|Any CPU = Release|Any CPU
	EndGlobalSection
	GlobalSection(ProjectConfigurationPlatforms) = postSolution
		{3B790C02-A07D-44FD-B834-D68F7891BE7F}.Debug|Any CPU.ActiveCfg = Debug|Any CPU
		{3B790C02-A07D-44FD-B834-D68F7891BE7F}.Debug|Any CPU.Build.0 = Debug|Any CPU
		{3B790C02-A07D-44FD-B834-D68F7891BE7F}.Release|Any CPU.ActiveCfg = Release|Any CPU
		{3B790C02-A07D-44FD-B834-D68F7891BE7F}.Release|Any CPU.Build.0 = Release|Any CPU
	EndGlobalSection
	GlobalSection(SolutionProperties) = preSolution
		HideSolutionNode = FALSE
	EndGlobalSection
EndGlobal
