
Microsoft Visual Studio Solution File, Format Version 12.00
# Visual Studio 14
VisualStudioVersion = 14.0.23107.0
MinimumVisualStudioVersion = 10.0.40219.1
Project("{2150E333-8FDC-42A3-9474-1A3956D46DE8}") = "src", "src", "{73A71DE7-4C5A-48AE-9791-3E47D2F94B7B}"
EndProject
Project("{2150E333-8FDC-42A3-9474-1A3956D46DE8}") = "Solution Items", "Solution Items", "{3EFA1CC1-08E6-49A7-89AE-25F49E78F34D}"
	ProjectSection(SolutionItems) = preProject
		global.json = global.json
	EndProjectSection
EndProject
Project("{8BB2217D-0F2D-49D1-97BC-3654ED321F3B}") = "IntroductionCSharp", "src\IntroductionCSharp\IntroductionCSharp.xproj", "{0F3D9D81-621E-4130-81BF-1192CF85713C}"
EndProject
Global
	GlobalSection(SolutionConfigurationPlatforms) = preSolution
		Debug|Any CPU = Debug|Any CPU
		Release|Any CPU = Release|Any CPU
	EndGlobalSection
	GlobalSection(ProjectConfigurationPlatforms) = postSolution
		{0F3D9D81-621E-4130-81BF-1192CF85713C}.Debug|Any CPU.ActiveCfg = Debug|Any CPU
		{0F3D9D81-621E-4130-81BF-1192CF85713C}.Debug|Any CPU.Build.0 = Debug|Any CPU
		{0F3D9D81-621E-4130-81BF-1192CF85713C}.Release|Any CPU.ActiveCfg = Release|Any CPU
		{0F3D9D81-621E-4130-81BF-1192CF85713C}.Release|Any CPU.Build.0 = Release|Any CPU
	EndGlobalSection
	GlobalSection(SolutionProperties) = preSolution
		HideSolutionNode = FALSE
	EndGlobalSection
	GlobalSection(NestedProjects) = preSolution
		{0F3D9D81-621E-4130-81BF-1192CF85713C} = {73A71DE7-4C5A-48AE-9791-3E47D2F94B7B}
	EndGlobalSection
EndGlobal
